
Microsoft Visual Studio Solution File, Format Version 12.00
# Visual Studio 2013
VisualStudioVersion = 12.0.40629.0
MinimumVisualStudioVersion = 10.0.40219.1
Project("{2150E333-8FDC-42A3-9474-1A3956D46DE8}") = "Tests", "Tests", "{FBD6298F-622D-4705-9E3B-B79358333F24}"
EndProject
Project("{FAE04EC0-301F-11D3-BF4B-00C04F79EFBC}") = "Voyage.Integration.Application.UnitTests", "Voyage.Integration.Application.UnitTests\Voyage.Integration.Application.UnitTests.csproj", "{9B63F6A5-A3DB-4F8C-B037-C51216262EC4}"
EndProject
Project("{FAE04EC0-301F-11D3-BF4B-00C04F79EFBC}") = "Voyage.Integration.Domain", "Voyage.Integration.Domain\Voyage.Integration.Domain.csproj", "{31FDECB5-6E64-404B-9B5E-174AE52B0D7F}"
EndProject
Project("{FAE04EC0-301F-11D3-BF4B-00C04F79EFBC}") = "Voyage.Integration.Domain.UnitTests", "Voyage.Integration.Domain.UnitTests\Voyage.Integration.Domain.UnitTests.csproj", "{3AF0FD63-62AE-4BCF-AB70-301879B2C5A4}"
EndProject
Project("{FAE04EC0-301F-11D3-BF4B-00C04F79EFBC}") = "Voyage.Integration.IntegrationTests", "Voyage.Integration.IntegrationTests\Voyage.Integration.IntegrationTests.csproj", "{19D805BF-9666-454D-82F1-233576D8E22A}"
EndProject
Project("{FAE04EC0-301F-11D3-BF4B-00C04F79EFBC}") = "Voyage.Integration.Application", "Voyage.Integration.Application\Voyage.Integration.Application.csproj", "{28A9D03B-D01A-43EC-8A08-BDAD4E285D9A}"
EndProject
Global
	GlobalSection(SolutionConfigurationPlatforms) = preSolution
		Debug|Any CPU = Debug|Any CPU
		Release|Any CPU = Release|Any CPU
	EndGlobalSection
	GlobalSection(ProjectConfigurationPlatforms) = postSolution
		{9B63F6A5-A3DB-4F8C-B037-C51216262EC4}.Debug|Any CPU.ActiveCfg = Debug|Any CPU
		{9B63F6A5-A3DB-4F8C-B037-C51216262EC4}.Debug|Any CPU.Build.0 = Debug|Any CPU
		{9B63F6A5-A3DB-4F8C-B037-C51216262EC4}.Release|Any CPU.ActiveCfg = Release|Any CPU
		{9B63F6A5-A3DB-4F8C-B037-C51216262EC4}.Release|Any CPU.Build.0 = Release|Any CPU
		{31FDECB5-6E64-404B-9B5E-174AE52B0D7F}.Debug|Any CPU.ActiveCfg = Debug|Any CPU
		{31FDECB5-6E64-404B-9B5E-174AE52B0D7F}.Debug|Any CPU.Build.0 = Debug|Any CPU
		{31FDECB5-6E64-404B-9B5E-174AE52B0D7F}.Release|Any CPU.ActiveCfg = Release|Any CPU
		{31FDECB5-6E64-404B-9B5E-174AE52B0D7F}.Release|Any CPU.Build.0 = Release|Any CPU
		{3AF0FD63-62AE-4BCF-AB70-301879B2C5A4}.Debug|Any CPU.ActiveCfg = Debug|Any CPU
		{3AF0FD63-62AE-4BCF-AB70-301879B2C5A4}.Debug|Any CPU.Build.0 = Debug|Any CPU
		{3AF0FD63-62AE-4BCF-AB70-301879B2C5A4}.Release|Any CPU.ActiveCfg = Release|Any CPU
		{3AF0FD63-62AE-4BCF-AB70-301879B2C5A4}.Release|Any CPU.Build.0 = Release|Any CPU
		{19D805BF-9666-454D-82F1-233576D8E22A}.Debug|Any CPU.ActiveCfg = Debug|Any CPU
		{19D805BF-9666-454D-82F1-233576D8E22A}.Debug|Any CPU.Build.0 = Debug|Any CPU
		{19D805BF-9666-454D-82F1-233576D8E22A}.Release|Any CPU.ActiveCfg = Release|Any CPU
		{19D805BF-9666-454D-82F1-233576D8E22A}.Release|Any CPU.Build.0 = Release|Any CPU
		{28A9D03B-D01A-43EC-8A08-BDAD4E285D9A}.Debug|Any CPU.ActiveCfg = Debug|Any CPU
		{28A9D03B-D01A-43EC-8A08-BDAD4E285D9A}.Debug|Any CPU.Build.0 = Debug|Any CPU
		{28A9D03B-D01A-43EC-8A08-BDAD4E285D9A}.Release|Any CPU.ActiveCfg = Release|Any CPU
		{28A9D03B-D01A-43EC-8A08-BDAD4E285D9A}.Release|Any CPU.Build.0 = Release|Any CPU
	EndGlobalSection
	GlobalSection(SolutionProperties) = preSolution
		HideSolutionNode = FALSE
	EndGlobalSection
	GlobalSection(NestedProjects) = preSolution
		{9B63F6A5-A3DB-4F8C-B037-C51216262EC4} = {FBD6298F-622D-4705-9E3B-B79358333F24}
		{3AF0FD63-62AE-4BCF-AB70-301879B2C5A4} = {FBD6298F-622D-4705-9E3B-B79358333F24}
		{19D805BF-9666-454D-82F1-233576D8E22A} = {FBD6298F-622D-4705-9E3B-B79358333F24}
	EndGlobalSection
EndGlobal
