
Microsoft Visual Studio Solution File, Format Version 12.00
# Visual Studio 2013
VisualStudioVersion = 12.0.40629.0
MinimumVisualStudioVersion = 10.0.40219.1
Project("{00D1A9C2-B5F0-4AF3-8072-F6C62B433612}") = "Voyage.Services.DataStorage", "Voyage.Services.DataStorage\Voyage.Services.DataStorage.sqlproj", "{534B40B9-57EB-4AC4-B210-53626F080DB5}"
EndProject
Global
	GlobalSection(SolutionConfigurationPlatforms) = preSolution
		Debug|Any CPU = Debug|Any CPU
		Release|Any CPU = Release|Any CPU
	EndGlobalSection
	GlobalSection(ProjectConfigurationPlatforms) = postSolution
		{534B40B9-57EB-4AC4-B210-53626F080DB5}.Debug|Any CPU.ActiveCfg = Debug|Any CPU
		{534B40B9-57EB-4AC4-B210-53626F080DB5}.Debug|Any CPU.Build.0 = Debug|Any CPU
		{534B40B9-57EB-4AC4-B210-53626F080DB5}.Debug|Any CPU.Deploy.0 = Debug|Any CPU
		{534B40B9-57EB-4AC4-B210-53626F080DB5}.Release|Any CPU.ActiveCfg = Release|Any CPU
		{534B40B9-57EB-4AC4-B210-53626F080DB5}.Release|Any CPU.Build.0 = Release|Any CPU
		{534B40B9-57EB-4AC4-B210-53626F080DB5}.Release|Any CPU.Deploy.0 = Release|Any CPU
	EndGlobalSection
	GlobalSection(SolutionProperties) = preSolution
		HideSolutionNode = FALSE
	EndGlobalSection
EndGlobal
